Microsoft Visual Studio Solution File, Format Version 11.00
# Visual Studio 2008

Project("{DE141892-C74F-A157-BF6D-EA9D09B85C83}") = "Serious-Game", "Assembly-CSharp.csproj", "{68439BE3-92C8-FE09-A718-BBDC89724366}"
EndProject
Global
	GlobalSection(SolutionConfigurationPlatforms) = preSolution
		Debug|Any CPU = Debug|Any CPU
		Release|Any CPU = Release|Any CPU
	EndGlobalSection
	GlobalSection(ProjectConfigurationPlatforms) = postSolution
		{68439BE3-92C8-FE09-A718-BBDC89724366}.Debug|Any CPU.ActiveCfg = Debug|Any CPU
		{68439BE3-92C8-FE09-A718-BBDC89724366}.Debug|Any CPU.Build.0 = Debug|Any CPU
		{68439BE3-92C8-FE09-A718-BBDC89724366}.Release|Any CPU.ActiveCfg = Release|Any CPU
		{68439BE3-92C8-FE09-A718-BBDC89724366}.Release|Any CPU.Build.0 = Release|Any CPU
	EndGlobalSection
	GlobalSection(SolutionProperties) = preSolution
		HideSolutionNode = FALSE
	EndGlobalSection
	GlobalSection(MonoDevelopProperties) = preSolution
		StartupItem = Assembly-CSharp.csproj
	EndGlobalSection
EndGlobal
